
Microsoft Visual Studio Solution File, Format Version 12.00
# Visual Studio Version 17
VisualStudioVersion = 17.8.34316.72
MinimumVisualStudioVersion = 10.0.40219.1
Project("{FAE04EC0-301F-11D3-BF4B-00C04F79EFBC}") = "GestaoHospital.front.Desktop.Ui", "GestaoHospital.front.Desktop.Ui\GestaoHospital.front.Desktop.Ui.csproj", "{4AAC3F24-6C08-4D74-BF76-15E5A811564D}"
EndProject
Project("{FAE04EC0-301F-11D3-BF4B-00C04F79EFBC}") = "GestaoHospital.front.Desktop.DAO", "GestaoHospital.front.Desktop.DAO\GestaoHospital.front.Desktop.DAO.csproj", "{328FD9F1-9C97-4860-984A-417361648F3C}"
EndProject
Global
	GlobalSection(SolutionConfigurationPlatforms) = preSolution
		Debug|Any CPU = Debug|Any CPU
		Release|Any CPU = Release|Any CPU
	EndGlobalSection
	GlobalSection(ProjectConfigurationPlatforms) = postSolution
		{4AAC3F24-6C08-4D74-BF76-15E5A811564D}.Debug|Any CPU.ActiveCfg = Debug|Any CPU
		{4AAC3F24-6C08-4D74-BF76-15E5A811564D}.Debug|Any CPU.Build.0 = Debug|Any CPU
		{4AAC3F24-6C08-4D74-BF76-15E5A811564D}.Release|Any CPU.ActiveCfg = Release|Any CPU
		{4AAC3F24-6C08-4D74-BF76-15E5A811564D}.Release|Any CPU.Build.0 = Release|Any CPU
		{328FD9F1-9C97-4860-984A-417361648F3C}.Debug|Any CPU.ActiveCfg = Debug|Any CPU
		{328FD9F1-9C97-4860-984A-417361648F3C}.Debug|Any CPU.Build.0 = Debug|Any CPU
		{328FD9F1-9C97-4860-984A-417361648F3C}.Release|Any CPU.ActiveCfg = Release|Any CPU
		{328FD9F1-9C97-4860-984A-417361648F3C}.Release|Any CPU.Build.0 = Release|Any CPU
	EndGlobalSection
	GlobalSection(SolutionProperties) = preSolution
		HideSolutionNode = FALSE
	EndGlobalSection
	GlobalSection(ExtensibilityGlobals) = postSolution
		SolutionGuid = {0D8E0171-5DF6-4C18-AE5D-874BFC74EB48}
	EndGlobalSection
EndGlobal
